// !$*UTF8*$!
{
	archiveVersion = 1;
	classes = {
	};
	objectVersion = 55;
	objects = {

/* Begin PBXBuildFile section */
		6831A37528A7A1020004F713 /* AppDelegate.swift in Sources */ = {isa = PBXBuildFile; fileRef = 6831A37428A7A1020004F713 /* AppDelegate.swift */; };
		6831A37728A7A1020004F713 /* SceneDelegate.swift in Sources */ = {isa = PBXBuildFile; fileRef = 6831A37628A7A1020004F713 /* SceneDelegate.swift */; };
		6831A37E28A7A1030004F713 /* Assets.xcassets in Resources */ = {isa = PBXBuildFile; fileRef = 6831A37D28A7A1030004F713 /* Assets.xcassets */; };
		6831A38128A7A1030004F713 /* LaunchScreen.storyboard in Resources */ = {isa = PBXBuildFile; fileRef = 6831A37F28A7A1030004F713 /* LaunchScreen.storyboard */; };
		6831A38C28A7A1030004F713 /* idus_IntroductionTests.swift in Sources */ = {isa = PBXBuildFile; fileRef = 6831A38B28A7A1030004F713 /* idus_IntroductionTests.swift */; };
		6831A39628A7A1030004F713 /* idus_IntroductionUITests.swift in Sources */ = {isa = PBXBuildFile; fileRef = 6831A39528A7A1030004F713 /* idus_IntroductionUITests.swift */; };
		6831A39828A7A1030004F713 /* idus_IntroductionUITestsLaunchTests.swift in Sources */ = {isa = PBXBuildFile; fileRef = 6831A39728A7A1030004F713 /* idus_IntroductionUITestsLaunchTests.swift */; };
		6831A3A528A7A2100004F713 /* SearchViewController.swift in Sources */ = {isa = PBXBuildFile; fileRef = 6831A3A428A7A2100004F713 /* SearchViewController.swift */; };
		6831A3A928A7ADF30004F713 /* LoadImage.swift in Sources */ = {isa = PBXBuildFile; fileRef = 6831A3A828A7ADF30004F713 /* LoadImage.swift */; };
		6831A3AB28A7AE4F0004F713 /* DetailAPIService.swift in Sources */ = {isa = PBXBuildFile; fileRef = 6831A3AA28A7AE4F0004F713 /* DetailAPIService.swift */; };
		6831A3AE28A7B1980004F713 /* Detail.swift in Sources */ = {isa = PBXBuildFile; fileRef = 6831A3AD28A7B1980004F713 /* Detail.swift */; };
		6831A3B028A7B9690004F713 /* EndPoint.swift in Sources */ = {isa = PBXBuildFile; fileRef = 6831A3AF28A7B9690004F713 /* EndPoint.swift */; };
		6831A3B228A7BA760004F713 /* UrlSession+.swift in Sources */ = {isa = PBXBuildFile; fileRef = 6831A3B128A7BA760004F713 /* UrlSession+.swift */; };
		6831A3B528A7BD020004F713 /* URL+.swift in Sources */ = {isa = PBXBuildFile; fileRef = 6831A3B428A7BD020004F713 /* URL+.swift */; };
		6831A3B728A7C1A20004F713 /* SearchViewModel.swift in Sources */ = {isa = PBXBuildFile; fileRef = 6831A3B628A7C1A20004F713 /* SearchViewModel.swift */; };
		6831A3BA28A80DE00004F713 /* DetailViewController.swift in Sources */ = {isa = PBXBuildFile; fileRef = 6831A3B928A80DE00004F713 /* DetailViewController.swift */; };
		686E106E28AA609D000497E4 /* ContentStackView.swift in Sources */ = {isa = PBXBuildFile; fileRef = 686E106D28AA609D000497E4 /* ContentStackView.swift */; };
		686E107028AB5530000497E4 /* PreviewCollectionViewCell.swift in Sources */ = {isa = PBXBuildFile; fileRef = 686E106F28AB5530000497E4 /* PreviewCollectionViewCell.swift */; };
		686E107428AB6B80000497E4 /* DetailViewModel.swift in Sources */ = {isa = PBXBuildFile; fileRef = 686E107328AB6B80000497E4 /* DetailViewModel.swift */; };
		686E107828ACBBD9000497E4 /* DescriptionView.swift in Sources */ = {isa = PBXBuildFile; fileRef = 686E107728ACBBD9000497E4 /* DescriptionView.swift */; };
		686E107F28AD011F000497E4 /* UIViewController+.swift in Sources */ = {isa = PBXBuildFile; fileRef = 686E107E28AD011F000497E4 /* UIViewController+.swift */; };
		686E108128AD1245000497E4 /* DescriptionTableViewCell.swift in Sources */ = {isa = PBXBuildFile; fileRef = 686E108028AD1245000497E4 /* DescriptionTableViewCell.swift */; };
		686E108428AD1689000497E4 /* PreviewTableViewCell.swift in Sources */ = {isa = PBXBuildFile; fileRef = 686E108328AD1689000497E4 /* PreviewTableViewCell.swift */; };
		686E108628AE1992000497E4 /* TitleTableViewCell.swift in Sources */ = {isa = PBXBuildFile; fileRef = 686E108528AE1992000497E4 /* TitleTableViewCell.swift */; };
/* End PBXBuildFile section */

/* Begin PBXContainerItemProxy section */
		6831A38828A7A1030004F713 /* PBXContainerItemProxy */ = {
			isa = PBXContainerItemProxy;
			containerPortal = 6831A36928A7A1020004F713 /* Project object */;
			proxyType = 1;
			remoteGlobalIDString = 6831A37028A7A1020004F713;
			remoteInfo = idus_Introduction;
		};
		6831A39228A7A1030004F713 /* PBXContainerItemProxy */ = {
			isa = PBXContainerItemProxy;
			containerPortal = 6831A36928A7A1020004F713 /* Project object */;
			proxyType = 1;
			remoteGlobalIDString = 6831A37028A7A1020004F713;
			remoteInfo = idus_Introduction;
		};
/* End PBXContainerItemProxy section */

/* Begin PBXFileReference section */
		6831A37128A7A1020004F713 /* idus_Introduction.app */ = {isa = PBXFileReference; explicitFileType = wrapper.application; includeInIndex = 0; path = idus_Introduction.app; sourceTree = BUILT_PRODUCTS_DIR; };
		6831A37428A7A1020004F713 /* AppDelegate.swift */ = {isa = PBXFileReference; lastKnownFileType = sourcecode.swift; path = AppDelegate.swift; sourceTree = "<group>"; };
		6831A37628A7A1020004F713 /* SceneDelegate.swift */ = {isa = PBXFileReference; lastKnownFileType = sourcecode.swift; path = SceneDelegate.swift; sourceTree = "<group>"; };
		6831A37D28A7A1030004F713 /* Assets.xcassets */ = {isa = PBXFileReference; lastKnownFileType = folder.assetcatalog; path = Assets.xcassets; sourceTree = "<group>"; };
		6831A38028A7A1030004F713 /* Base */ = {isa = PBXFileReference; lastKnownFileType = file.storyboard; name = Base; path = Base.lproj/LaunchScreen.storyboard; sourceTree = "<group>"; };
		6831A38228A7A1030004F713 /* Info.plist */ = {isa = PBXFileReference; lastKnownFileType = text.plist.xml; path = Info.plist; sourceTree = "<group>"; };
		6831A38728A7A1030004F713 /* idus_IntroductionTests.xctest */ = {isa = PBXFileReference; explicitFileType = wrapper.cfbundle; includeInIndex = 0; path = idus_IntroductionTests.xctest; sourceTree = BUILT_PRODUCTS_DIR; };
		6831A38B28A7A1030004F713 /* idus_IntroductionTests.swift */ = {isa = PBXFileReference; lastKnownFileType = sourcecode.swift; path = idus_IntroductionTests.swift; sourceTree = "<group>"; };
		6831A39128A7A1030004F713 /* idus_IntroductionUITests.xctest */ = {isa = PBXFileReference; explicitFileType = wrapper.cfbundle; includeInIndex = 0; path = idus_IntroductionUITests.xctest; sourceTree = BUILT_PRODUCTS_DIR; };
		6831A39528A7A1030004F713 /* idus_IntroductionUITests.swift */ = {isa = PBXFileReference; lastKnownFileType = sourcecode.swift; path = idus_IntroductionUITests.swift; sourceTree = "<group>"; };
		6831A39728A7A1030004F713 /* idus_IntroductionUITestsLaunchTests.swift */ = {isa = PBXFileReference; lastKnownFileType = sourcecode.swift; path = idus_IntroductionUITestsLaunchTests.swift; sourceTree = "<group>"; };
		6831A3A428A7A2100004F713 /* SearchViewController.swift */ = {isa = PBXFileReference; lastKnownFileType = sourcecode.swift; path = SearchViewController.swift; sourceTree = "<group>"; };
		6831A3A828A7ADF30004F713 /* LoadImage.swift */ = {isa = PBXFileReference; lastKnownFileType = sourcecode.swift; path = LoadImage.swift; sourceTree = "<group>"; };
		6831A3AA28A7AE4F0004F713 /* DetailAPIService.swift */ = {isa = PBXFileReference; lastKnownFileType = sourcecode.swift; path = DetailAPIService.swift; sourceTree = "<group>"; };
		6831A3AD28A7B1980004F713 /* Detail.swift */ = {isa = PBXFileReference; lastKnownFileType = sourcecode.swift; path = Detail.swift; sourceTree = "<group>"; };
		6831A3AF28A7B9690004F713 /* EndPoint.swift */ = {isa = PBXFileReference; lastKnownFileType = sourcecode.swift; path = EndPoint.swift; sourceTree = "<group>"; };
		6831A3B128A7BA760004F713 /* UrlSession+.swift */ = {isa = PBXFileReference; lastKnownFileType = sourcecode.swift; path = "UrlSession+.swift"; sourceTree = "<group>"; };
		6831A3B428A7BD020004F713 /* URL+.swift */ = {isa = PBXFileReference; lastKnownFileType = sourcecode.swift; path = "URL+.swift"; sourceTree = "<group>"; };
		6831A3B628A7C1A20004F713 /* SearchViewModel.swift */ = {isa = PBXFileReference; lastKnownFileType = sourcecode.swift; path = SearchViewModel.swift; sourceTree = "<group>"; };
		6831A3B928A80DE00004F713 /* DetailViewController.swift */ = {isa = PBXFileReference; lastKnownFileType = sourcecode.swift; path = DetailViewController.swift; sourceTree = "<group>"; };
		686E106D28AA609D000497E4 /* ContentStackView.swift */ = {isa = PBXFileReference; lastKnownFileType = sourcecode.swift; path = ContentStackView.swift; sourceTree = "<group>"; };
		686E106F28AB5530000497E4 /* PreviewCollectionViewCell.swift */ = {isa = PBXFileReference; lastKnownFileType = sourcecode.swift; path = PreviewCollectionViewCell.swift; sourceTree = "<group>"; };
		686E107328AB6B80000497E4 /* DetailViewModel.swift */ = {isa = PBXFileReference; lastKnownFileType = sourcecode.swift; path = DetailViewModel.swift; sourceTree = "<group>"; };
		686E107728ACBBD9000497E4 /* DescriptionView.swift */ = {isa = PBXFileReference; lastKnownFileType = sourcecode.swift; path = DescriptionView.swift; sourceTree = "<group>"; };
		686E107E28AD011F000497E4 /* UIViewController+.swift */ = {isa = PBXFileReference; lastKnownFileType = sourcecode.swift; path = "UIViewController+.swift"; sourceTree = "<group>"; };
		686E108028AD1245000497E4 /* DescriptionTableViewCell.swift */ = {isa = PBXFileReference; lastKnownFileType = sourcecode.swift; path = DescriptionTableViewCell.swift; sourceTree = "<group>"; };
		686E108328AD1689000497E4 /* PreviewTableViewCell.swift */ = {isa = PBXFileReference; lastKnownFileType = sourcecode.swift; path = PreviewTableViewCell.swift; sourceTree = "<group>"; };
		686E108528AE1992000497E4 /* TitleTableViewCell.swift */ = {isa = PBXFileReference; lastKnownFileType = sourcecode.swift; path = TitleTableViewCell.swift; sourceTree = "<group>"; };
/* End PBXFileReference section */

/* Begin PBXFrameworksBuildPhase section */
		6831A36E28A7A1020004F713 /* Frameworks */ = {
			isa = PBXFrameworksBuildPhase;
			buildActionMask = 2147483647;
			files = (
			);
			runOnlyForDeploymentPostprocessing = 0;
		};
		6831A38428A7A1030004F713 /* Frameworks */ = {
			isa = PBXFrameworksBuildPhase;
			buildActionMask = 2147483647;
			files = (
			);
			runOnlyForDeploymentPostprocessing = 0;
		};
		6831A38E28A7A1030004F713 /* Frameworks */ = {
			isa = PBXFrameworksBuildPhase;
			buildActionMask = 2147483647;
			files = (
			);
			runOnlyForDeploymentPostprocessing = 0;
		};
/* End PBXFrameworksBuildPhase section */

/* Begin PBXGroup section */
		6831A36828A7A1020004F713 = {
			isa = PBXGroup;
			children = (
				6831A37328A7A1020004F713 /* idus_Introduction */,
				6831A38A28A7A1030004F713 /* idus_IntroductionTests */,
				6831A39428A7A1030004F713 /* idus_IntroductionUITests */,
				6831A37228A7A1020004F713 /* Products */,
			);
			sourceTree = "<group>";
		};
		6831A37228A7A1020004F713 /* Products */ = {
			isa = PBXGroup;
			children = (
				6831A37128A7A1020004F713 /* idus_Introduction.app */,
				6831A38728A7A1030004F713 /* idus_IntroductionTests.xctest */,
				6831A39128A7A1030004F713 /* idus_IntroductionUITests.xctest */,
			);
			name = Products;
			sourceTree = "<group>";
		};
		6831A37328A7A1020004F713 /* idus_Introduction */ = {
			isa = PBXGroup;
			children = (
				6831A3AC28A7B0840004F713 /* Model */,
				6831A3B328A7BCD80004F713 /* Extension */,
				6831A3A728A7ADCF0004F713 /* Network */,
				6831A3A628A7A5F40004F713 /* Search */,
				6831A3B828A80DBA0004F713 /* Detail */,
				6831A37428A7A1020004F713 /* AppDelegate.swift */,
				6831A37628A7A1020004F713 /* SceneDelegate.swift */,
				6831A37D28A7A1030004F713 /* Assets.xcassets */,
				6831A37F28A7A1030004F713 /* LaunchScreen.storyboard */,
				6831A38228A7A1030004F713 /* Info.plist */,
			);
			path = idus_Introduction;
			sourceTree = "<group>";
		};
		6831A38A28A7A1030004F713 /* idus_IntroductionTests */ = {
			isa = PBXGroup;
			children = (
				6831A38B28A7A1030004F713 /* idus_IntroductionTests.swift */,
			);
			path = idus_IntroductionTests;
			sourceTree = "<group>";
		};
		6831A39428A7A1030004F713 /* idus_IntroductionUITests */ = {
			isa = PBXGroup;
			children = (
				6831A39528A7A1030004F713 /* idus_IntroductionUITests.swift */,
				6831A39728A7A1030004F713 /* idus_IntroductionUITestsLaunchTests.swift */,
			);
			path = idus_IntroductionUITests;
			sourceTree = "<group>";
		};
		6831A3A628A7A5F40004F713 /* Search */ = {
			isa = PBXGroup;
			children = (
				6831A3A428A7A2100004F713 /* SearchViewController.swift */,
				6831A3B628A7C1A20004F713 /* SearchViewModel.swift */,
			);
			path = Search;
			sourceTree = "<group>";
		};
		6831A3A728A7ADCF0004F713 /* Network */ = {
			isa = PBXGroup;
			children = (
				6831A3AF28A7B9690004F713 /* EndPoint.swift */,
				6831A3A828A7ADF30004F713 /* LoadImage.swift */,
				6831A3AA28A7AE4F0004F713 /* DetailAPIService.swift */,
			);
			path = Network;
			sourceTree = "<group>";
		};
		6831A3AC28A7B0840004F713 /* Model */ = {
			isa = PBXGroup;
			children = (
				6831A3AD28A7B1980004F713 /* Detail.swift */,
			);
			path = Model;
			sourceTree = "<group>";
		};
		6831A3B328A7BCD80004F713 /* Extension */ = {
			isa = PBXGroup;
			children = (
				6831A3B428A7BD020004F713 /* URL+.swift */,
				6831A3B128A7BA760004F713 /* UrlSession+.swift */,
				686E107E28AD011F000497E4 /* UIViewController+.swift */,
			);
			path = Extension;
			sourceTree = "<group>";
		};
		6831A3B828A80DBA0004F713 /* Detail */ = {
			isa = PBXGroup;
			children = (
				686E108228AD131C000497E4 /* ContentCell */,
				686E107928ACBBDF000497E4 /* ContentView */,
				6831A3B928A80DE00004F713 /* DetailViewController.swift */,
				686E107328AB6B80000497E4 /* DetailViewModel.swift */,
			);
			path = Detail;
			sourceTree = "<group>";
		};
		686E107928ACBBDF000497E4 /* ContentView */ = {
			isa = PBXGroup;
			children = (
				686E106D28AA609D000497E4 /* ContentStackView.swift */,
				686E107728ACBBD9000497E4 /* DescriptionView.swift */,
				686E106F28AB5530000497E4 /* PreviewCollectionViewCell.swift */,
			);
			path = ContentView;
			sourceTree = "<group>";
		};
		686E108228AD131C000497E4 /* ContentCell */ = {
			isa = PBXGroup;
			children = (
				686E108528AE1992000497E4 /* TitleTableViewCell.swift */,
				686E108328AD1689000497E4 /* PreviewTableViewCell.swift */,
				686E108028AD1245000497E4 /* DescriptionTableViewCell.swift */,
			);
			path = ContentCell;
			sourceTree = "<group>";
		};
/* End PBXGroup section */

/* Begin PBXNativeTarget section */
		6831A37028A7A1020004F713 /* idus_Introduction */ = {
			isa = PBXNativeTarget;
			buildConfigurationList = 6831A39B28A7A1030004F713 /* Build configuration list for PBXNativeTarget "idus_Introduction" */;
			buildPhases = (
				6831A36D28A7A1020004F713 /* Sources */,
				6831A36E28A7A1020004F713 /* Frameworks */,
				6831A36F28A7A1020004F713 /* Resources */,
			);
			buildRules = (
			);
			dependencies = (
			);
			name = idus_Introduction;
			productName = idus_Introduction;
			productReference = 6831A37128A7A1020004F713 /* idus_Introduction.app */;
			productType = "com.apple.product-type.application";
		};
		6831A38628A7A1030004F713 /* idus_IntroductionTests */ = {
			isa = PBXNativeTarget;
			buildConfigurationList = 6831A39E28A7A1030004F713 /* Build configuration list for PBXNativeTarget "idus_IntroductionTests" */;
			buildPhases = (
				6831A38328A7A1030004F713 /* Sources */,
				6831A38428A7A1030004F713 /* Frameworks */,
				6831A38528A7A1030004F713 /* Resources */,
			);
			buildRules = (
			);
			dependencies = (
				6831A38928A7A1030004F713 /* PBXTargetDependency */,
			);
			name = idus_IntroductionTests;
			productName = idus_IntroductionTests;
			productReference = 6831A38728A7A1030004F713 /* idus_IntroductionTests.xctest */;
			productType = "com.apple.product-type.bundle.unit-test";
		};
		6831A39028A7A1030004F713 /* idus_IntroductionUITests */ = {
			isa = PBXNativeTarget;
			buildConfigurationList = 6831A3A128A7A1030004F713 /* Build configuration list for PBXNativeTarget "idus_IntroductionUITests" */;
			buildPhases = (
				6831A38D28A7A1030004F713 /* Sources */,
				6831A38E28A7A1030004F713 /* Frameworks */,
				6831A38F28A7A1030004F713 /* Resources */,
			);
			buildRules = (
			);
			dependencies = (
				6831A39328A7A1030004F713 /* PBXTargetDependency */,
			);
			name = idus_IntroductionUITests;
			productName = idus_IntroductionUITests;
			productReference = 6831A39128A7A1030004F713 /* idus_IntroductionUITests.xctest */;
			productType = "com.apple.product-type.bundle.ui-testing";
		};
/* End PBXNativeTarget section */

/* Begin PBXProject section */
		6831A36928A7A1020004F713 /* Project object */ = {
			isa = PBXProject;
			attributes = {
				BuildIndependentTargetsInParallel = 1;
				LastSwiftUpdateCheck = 1330;
				LastUpgradeCheck = 1330;
				TargetAttributes = {
					6831A37028A7A1020004F713 = {
						CreatedOnToolsVersion = 13.3;
					};
					6831A38628A7A1030004F713 = {
						CreatedOnToolsVersion = 13.3;
						TestTargetID = 6831A37028A7A1020004F713;
					};
					6831A39028A7A1030004F713 = {
						CreatedOnToolsVersion = 13.3;
						TestTargetID = 6831A37028A7A1020004F713;
					};
				};
			};
			buildConfigurationList = 6831A36C28A7A1020004F713 /* Build configuration list for PBXProject "idus_Introduction" */;
			compatibilityVersion = "Xcode 13.0";
			developmentRegion = en;
			hasScannedForEncodings = 0;
			knownRegions = (
				en,
				Base,
			);
			mainGroup = 6831A36828A7A1020004F713;
			productRefGroup = 6831A37228A7A1020004F713 /* Products */;
			projectDirPath = "";
			projectRoot = "";
			targets = (
				6831A37028A7A1020004F713 /* idus_Introduction */,
				6831A38628A7A1030004F713 /* idus_IntroductionTests */,
				6831A39028A7A1030004F713 /* idus_IntroductionUITests */,
			);
		};
/* End PBXProject section */

/* Begin PBXResourcesBuildPhase section */
		6831A36F28A7A1020004F713 /* Resources */ = {
			isa = PBXResourcesBuildPhase;
			buildActionMask = 2147483647;
			files = (
				6831A38128A7A1030004F713 /* LaunchScreen.storyboard in Resources */,
				6831A37E28A7A1030004F713 /* Assets.xcassets in Resources */,
			);
			runOnlyForDeploymentPostprocessing = 0;
		};
		6831A38528A7A1030004F713 /* Resources */ = {
			isa = PBXResourcesBuildPhase;
			buildActionMask = 2147483647;
			files = (
			);
			runOnlyForDeploymentPostprocessing = 0;
		};
		6831A38F28A7A1030004F713 /* Resources */ = {
			isa = PBXResourcesBuildPhase;
			buildActionMask = 2147483647;
			files = (
			);
			runOnlyForDeploymentPostprocessing = 0;
		};
/* End PBXResourcesBuildPhase section */

/* Begin PBXSourcesBuildPhase section */
		6831A36D28A7A1020004F713 /* Sources */ = {
			isa = PBXSourcesBuildPhase;
			buildActionMask = 2147483647;
			files = (
				686E108428AD1689000497E4 /* PreviewTableViewCell.swift in Sources */,
				6831A3BA28A80DE00004F713 /* DetailViewController.swift in Sources */,
				6831A37528A7A1020004F713 /* AppDelegate.swift in Sources */,
				6831A3B528A7BD020004F713 /* URL+.swift in Sources */,
				6831A3AB28A7AE4F0004F713 /* DetailAPIService.swift in Sources */,
				6831A3AE28A7B1980004F713 /* Detail.swift in Sources */,
				6831A3A928A7ADF30004F713 /* LoadImage.swift in Sources */,
				686E108128AD1245000497E4 /* DescriptionTableViewCell.swift in Sources */,
				6831A3A528A7A2100004F713 /* SearchViewController.swift in Sources */,
				6831A3B728A7C1A20004F713 /* SearchViewModel.swift in Sources */,
				6831A3B028A7B9690004F713 /* EndPoint.swift in Sources */,
				686E107428AB6B80000497E4 /* DetailViewModel.swift in Sources */,
				686E107F28AD011F000497E4 /* UIViewController+.swift in Sources */,
				686E107028AB5530000497E4 /* PreviewCollectionViewCell.swift in Sources */,
				686E106E28AA609D000497E4 /* ContentStackView.swift in Sources */,
				686E108628AE1992000497E4 /* TitleTableViewCell.swift in Sources */,
				6831A3B228A7BA760004F713 /* UrlSession+.swift in Sources */,
				6831A37728A7A1020004F713 /* SceneDelegate.swift in Sources */,
				686E107828ACBBD9000497E4 /* DescriptionView.swift in Sources */,
			);
			runOnlyForDeploymentPostprocessing = 0;
		};
		6831A38328A7A1030004F713 /* Sources */ = {
			isa = PBXSourcesBuildPhase;
			buildActionMask = 2147483647;
			files = (
				6831A38C28A7A1030004F713 /* idus_IntroductionTests.swift in Sources */,
			);
			runOnlyForDeploymentPostprocessing = 0;
		};
		6831A38D28A7A1030004F713 /* Sources */ = {
			isa = PBXSourcesBuildPhase;
			buildActionMask = 2147483647;
			files = (
				6831A39628A7A1030004F713 /* idus_IntroductionUITests.swift in Sources */,
				6831A39828A7A1030004F713 /* idus_IntroductionUITestsLaunchTests.swift in Sources */,
			);
			runOnlyForDeploymentPostprocessing = 0;
		};
/* End PBXSourcesBuildPhase section */

/* Begin PBXTargetDependency section */
		6831A38928A7A1030004F713 /* PBXTargetDependency */ = {
			isa = PBXTargetDependency;
			target = 6831A37028A7A1020004F713 /* idus_Introduction */;
			targetProxy = 6831A38828A7A1030004F713 /* PBXContainerItemProxy */;
		};
		6831A39328A7A1030004F713 /* PBXTargetDependency */ = {
			isa = PBXTargetDependency;
			target = 6831A37028A7A1020004F713 /* idus_Introduction */;
			targetProxy = 6831A39228A7A1030004F713 /* PBXContainerItemProxy */;
		};
/* End PBXTargetDependency section */

/* Begin PBXVariantGroup section */
		6831A37F28A7A1030004F713 /* LaunchScreen.storyboard */ = {
			isa = PBXVariantGroup;
			children = (
				6831A38028A7A1030004F713 /* Base */,
			);
			name = LaunchScreen.storyboard;
			sourceTree = "<group>";
		};
/* End PBXVariantGroup section */

/* Begin XCBuildConfiguration section */
		6831A39928A7A1030004F713 /* Debug */ = {
			isa = XCBuildConfiguration;
			buildSettings = {
				ALWAYS_SEARCH_USER_PATHS = NO;
				CLANG_ANALYZER_NONNULL = YES;
				CLANG_ANALYZER_NUMBER_OBJECT_CONVERSION = YES_AGGRESSIVE;
				CLANG_CXX_LANGUAGE_STANDARD = "gnu++17";
				CLANG_ENABLE_MODULES = YES;
				CLANG_ENABLE_OBJC_ARC = YES;
				CLANG_ENABLE_OBJC_WEAK = YES;
				CLANG_WARN_BLOCK_CAPTURE_AUTORELEASING = YES;
				CLANG_WARN_BOOL_CONVERSION = YES;
				CLANG_WARN_COMMA = YES;
				CLANG_WARN_CONSTANT_CONVERSION = YES;
				CLANG_WARN_DEPRECATED_OBJC_IMPLEMENTATIONS = YES;
				CLANG_WARN_DIRECT_OBJC_ISA_USAGE = YES_ERROR;
				CLANG_WARN_DOCUMENTATION_COMMENTS = YES;
				CLANG_WARN_EMPTY_BODY = YES;
				CLANG_WARN_ENUM_CONVERSION = YES;
				CLANG_WARN_INFINITE_RECURSION = YES;
				CLANG_WARN_INT_CONVERSION = YES;
				CLANG_WARN_NON_LITERAL_NULL_CONVERSION = YES;
				CLANG_WARN_OBJC_IMPLICIT_RETAIN_SELF = YES;
				CLANG_WARN_OBJC_LITERAL_CONVERSION = YES;
				CLANG_WARN_OBJC_ROOT_CLASS = YES_ERROR;
				CLANG_WARN_QUOTED_INCLUDE_IN_FRAMEWORK_HEADER = YES;
				CLANG_WARN_RANGE_LOOP_ANALYSIS = YES;
				CLANG_WARN_STRICT_PROTOTYPES = YES;
				CLANG_WARN_SUSPICIOUS_MOVE = YES;
				CLANG_WARN_UNGUARDED_AVAILABILITY = YES_AGGRESSIVE;
				CLANG_WARN_UNREACHABLE_CODE = YES;
				CLANG_WARN__DUPLICATE_METHOD_MATCH = YES;
				COPY_PHASE_STRIP = NO;
				DEBUG_INFORMATION_FORMAT = dwarf;
				ENABLE_STRICT_OBJC_MSGSEND = YES;
				ENABLE_TESTABILITY = YES;
				GCC_C_LANGUAGE_STANDARD = gnu11;
				GCC_DYNAMIC_NO_PIC = NO;
				GCC_NO_COMMON_BLOCKS = YES;
				GCC_OPTIMIZATION_LEVEL = 0;
				GCC_PREPROCESSOR_DEFINITIONS = (
					"DEBUG=1",
					"$(inherited)",
				);
				GCC_WARN_64_TO_32_BIT_CONVERSION = YES;
				GCC_WARN_ABOUT_RETURN_TYPE = YES_ERROR;
				GCC_WARN_UNDECLARED_SELECTOR = YES;
				GCC_WARN_UNINITIALIZED_AUTOS = YES_AGGRESSIVE;
				GCC_WARN_UNUSED_FUNCTION = YES;
				GCC_WARN_UNUSED_VARIABLE = YES;
				IPHONEOS_DEPLOYMENT_TARGET = 15.4;
				MTL_ENABLE_DEBUG_INFO = INCLUDE_SOURCE;
				MTL_FAST_MATH = YES;
				ONLY_ACTIVE_ARCH = YES;
				SDKROOT = iphoneos;
				SWIFT_ACTIVE_COMPILATION_CONDITIONS = DEBUG;
				SWIFT_OPTIMIZATION_LEVEL = "-Onone";
			};
			name = Debug;
		};
		6831A39A28A7A1030004F713 /* Release */ = {
			isa = XCBuildConfiguration;
			buildSettings = {
				ALWAYS_SEARCH_USER_PATHS = NO;
				CLANG_ANALYZER_NONNULL = YES;
				CLANG_ANALYZER_NUMBER_OBJECT_CONVERSION = YES_AGGRESSIVE;
				CLANG_CXX_LANGUAGE_STANDARD = "gnu++17";
				CLANG_ENABLE_MODULES = YES;
				CLANG_ENABLE_OBJC_ARC = YES;
				CLANG_ENABLE_OBJC_WEAK = YES;
				CLANG_WARN_BLOCK_CAPTURE_AUTORELEASING = YES;
				CLANG_WARN_BOOL_CONVERSION = YES;
				CLANG_WARN_COMMA = YES;
				CLANG_WARN_CONSTANT_CONVERSION = YES;
				CLANG_WARN_DEPRECATED_OBJC_IMPLEMENTATIONS = YES;
				CLANG_WARN_DIRECT_OBJC_ISA_USAGE = YES_ERROR;
				CLANG_WARN_DOCUMENTATION_COMMENTS = YES;
				CLANG_WARN_EMPTY_BODY = YES;
				CLANG_WARN_ENUM_CONVERSION = YES;
				CLANG_WARN_INFINITE_RECURSION = YES;
				CLANG_WARN_INT_CONVERSION = YES;
				CLANG_WARN_NON_LITERAL_NULL_CONVERSION = YES;
				CLANG_WARN_OBJC_IMPLICIT_RETAIN_SELF = YES;
				CLANG_WARN_OBJC_LITERAL_CONVERSION = YES;
				CLANG_WARN_OBJC_ROOT_CLASS = YES_ERROR;
				CLANG_WARN_QUOTED_INCLUDE_IN_FRAMEWORK_HEADER = YES;
				CLANG_WARN_RANGE_LOOP_ANALYSIS = YES;
				CLANG_WARN_STRICT_PROTOTYPES = YES;
				CLANG_WARN_SUSPICIOUS_MOVE = YES;
				CLANG_WARN_UNGUARDED_AVAILABILITY = YES_AGGRESSIVE;
				CLANG_WARN_UNREACHABLE_CODE = YES;
				CLANG_WARN__DUPLICATE_METHOD_MATCH = YES;
				COPY_PHASE_STRIP = NO;
				DEBUG_INFORMATION_FORMAT = "dwarf-with-dsym";
				ENABLE_NS_ASSERTIONS = NO;
				ENABLE_STRICT_OBJC_MSGSEND = YES;
				GCC_C_LANGUAGE_STANDARD = gnu11;
				GCC_NO_COMMON_BLOCKS = YES;
				GCC_WARN_64_TO_32_BIT_CONVERSION = YES;
				GCC_WARN_ABOUT_RETURN_TYPE = YES_ERROR;
				GCC_WARN_UNDECLARED_SELECTOR = YES;
				GCC_WARN_UNINITIALIZED_AUTOS = YES_AGGRESSIVE;
				GCC_WARN_UNUSED_FUNCTION = YES;
				GCC_WARN_UNUSED_VARIABLE = YES;
				IPHONEOS_DEPLOYMENT_TARGET = 15.4;
				MTL_ENABLE_DEBUG_INFO = NO;
				MTL_FAST_MATH = YES;
				SDKROOT = iphoneos;
				SWIFT_COMPILATION_MODE = wholemodule;
				SWIFT_OPTIMIZATION_LEVEL = "-O";
				VALIDATE_PRODUCT = YES;
			};
			name = Release;
		};
		6831A39C28A7A1030004F713 /* Debug */ = {
			isa = XCBuildConfiguration;
			buildSettings = {
				ASSETCATALOG_COMPILER_APPICON_NAME = AppIcon;
				ASSETCATALOG_COMPILER_GLOBAL_ACCENT_COLOR_NAME = AccentColor;
				CODE_SIGN_STYLE = Automatic;
				CURRENT_PROJECT_VERSION = 1;
				DEVELOPMENT_TEAM = 4YMA7W8T46;
				GENERATE_INFOPLIST_FILE = YES;
				INFOPLIST_FILE = idus_Introduction/Info.plist;
				INFOPLIST_KEY_UIApplicationSupportsIndirectInputEvents = YES;
				INFOPLIST_KEY_UILaunchStoryboardName = LaunchScreen;
				INFOPLIST_KEY_UISupportedInterfaceOrientations_iPad = "UIInterfaceOrientationPortrait UIInterfaceOrientationPortraitUpsideDown UIInterfaceOrientationLandscapeLeft UIInterfaceOrientationLandscapeRight";
				INFOPLIST_KEY_UISupportedInterfaceOrientations_iPhone = "UIInterfaceOrientationPortrait UIInterfaceOrientationLandscapeLeft UIInterfaceOrientationLandscapeRight";
				LD_RUNPATH_SEARCH_PATHS = (
					"$(inherited)",
					"@executable_path/Frameworks",
				);
				MARKETING_VERSION = 1.0;
				PRODUCT_BUNDLE_IDENTIFIER = "com.baek.idus-Introduction";
				PRODUCT_NAME = "$(TARGET_NAME)";
				SWIFT_EMIT_LOC_STRINGS = YES;
				SWIFT_VERSION = 5.0;
				TARGETED_DEVICE_FAMILY = 1;
			};
			name = Debug;
		};
		6831A39D28A7A1030004F713 /* Release */ = {
			isa = XCBuildConfiguration;
			buildSettings = {
				ASSETCATALOG_COMPILER_APPICON_NAME = AppIcon;
				ASSETCATALOG_COMPILER_GLOBAL_ACCENT_COLOR_NAME = AccentColor;
				CODE_SIGN_STYLE = Automatic;
				CURRENT_PROJECT_VERSION = 1;
				DEVELOPMENT_TEAM = 4YMA7W8T46;
				GENERATE_INFOPLIST_FILE = YES;
				INFOPLIST_FILE = idus_Introduction/Info.plist;
				INFOPLIST_KEY_UIApplicationSupportsIndirectInputEvents = YES;
				INFOPLIST_KEY_UILaunchStoryboardName = LaunchScreen;
				INFOPLIST_KEY_UISupportedInterfaceOrientations_iPad = "UIInterfaceOrientationPortrait UIInterfaceOrientationPortraitUpsideDown UIInterfaceOrientationLandscapeLeft UIInterfaceOrientationLandscapeRight";
				INFOPLIST_KEY_UISupportedInterfaceOrientations_iPhone = "UIInterfaceOrientationPortrait UIInterfaceOrientationLandscapeLeft UIInterfaceOrientationLandscapeRight";
				LD_RUNPATH_SEARCH_PATHS = (
					"$(inherited)",
					"@executable_path/Frameworks",
				);
				MARKETING_VERSION = 1.0;
				PRODUCT_BUNDLE_IDENTIFIER = "com.baek.idus-Introduction";
				PRODUCT_NAME = "$(TARGET_NAME)";
				SWIFT_EMIT_LOC_STRINGS = YES;
				SWIFT_VERSION = 5.0;
				TARGETED_DEVICE_FAMILY = 1;
			};
			name = Release;
		};
		6831A39F28A7A1030004F713 /* Debug */ = {
			isa = XCBuildConfiguration;
			buildSettings = {
				ALWAYS_EMBED_SWIFT_STANDARD_LIBRARIES = YES;
				BUNDLE_LOADER = "$(TEST_HOST)";
				CODE_SIGN_STYLE = Automatic;
				CURRENT_PROJECT_VERSION = 1;
				DEVELOPMENT_TEAM = 4YMA7W8T46;
				GENERATE_INFOPLIST_FILE = YES;
				IPHONEOS_DEPLOYMENT_TARGET = 15.4;
				MARKETING_VERSION = 1.0;
				PRODUCT_BUNDLE_IDENTIFIER = "com.baek.idus-IntroductionTests";
				PRODUCT_NAME = "$(TARGET_NAME)";
				SWIFT_EMIT_LOC_STRINGS = NO;
				SWIFT_VERSION = 5.0;
				TARGETED_DEVICE_FAMILY = "1,2";
				TEST_HOST = "$(BUILT_PRODUCTS_DIR)/idus_Introduction.app/idus_Introduction";
			};
			name = Debug;
		};
		6831A3A028A7A1030004F713 /* Release */ = {
			isa = XCBuildConfiguration;
			buildSettings = {
				ALWAYS_EMBED_SWIFT_STANDARD_LIBRARIES = YES;
				BUNDLE_LOADER = "$(TEST_HOST)";
				CODE_SIGN_STYLE = Automatic;
				CURRENT_PROJECT_VERSION = 1;
				DEVELOPMENT_TEAM = 4YMA7W8T46;
				GENERATE_INFOPLIST_FILE = YES;
				IPHONEOS_DEPLOYMENT_TARGET = 15.4;
				MARKETING_VERSION = 1.0;
				PRODUCT_BUNDLE_IDENTIFIER = "com.baek.idus-IntroductionTests";
				PRODUCT_NAME = "$(TARGET_NAME)";
				SWIFT_EMIT_LOC_STRINGS = NO;
				SWIFT_VERSION = 5.0;
				TARGETED_DEVICE_FAMILY = "1,2";
				TEST_HOST = "$(BUILT_PRODUCTS_DIR)/idus_Introduction.app/idus_Introduction";
			};
			name = Release;
		};
		6831A3A228A7A1030004F713 /* Debug */ = {
			isa = XCBuildConfiguration;
			buildSettings = {
				ALWAYS_EMBED_SWIFT_STANDARD_LIBRARIES = YES;
				CODE_SIGN_STYLE = Automatic;
				CURRENT_PROJECT_VERSION = 1;
				DEVELOPMENT_TEAM = 4YMA7W8T46;
				GENERATE_INFOPLIST_FILE = YES;
				MARKETING_VERSION = 1.0;
				PRODUCT_BUNDLE_IDENTIFIER = "com.baek.idus-IntroductionUITests";
				PRODUCT_NAME = "$(TARGET_NAME)";
				SWIFT_EMIT_LOC_STRINGS = NO;
				SWIFT_VERSION = 5.0;
				TARGETED_DEVICE_FAMILY = "1,2";
				TEST_TARGET_NAME = idus_Introduction;
			};
			name = Debug;
		};
		6831A3A328A7A1030004F713 /* Release */ = {
			isa = XCBuildConfiguration;
			buildSettings = {
				ALWAYS_EMBED_SWIFT_STANDARD_LIBRARIES = YES;
				CODE_SIGN_STYLE = Automatic;
				CURRENT_PROJECT_VERSION = 1;
				DEVELOPMENT_TEAM = 4YMA7W8T46;
				GENERATE_INFOPLIST_FILE = YES;
				MARKETING_VERSION = 1.0;
				PRODUCT_BUNDLE_IDENTIFIER = "com.baek.idus-IntroductionUITests";
				PRODUCT_NAME = "$(TARGET_NAME)";
				SWIFT_EMIT_LOC_STRINGS = NO;
				SWIFT_VERSION = 5.0;
				TARGETED_DEVICE_FAMILY = "1,2";
				TEST_TARGET_NAME = idus_Introduction;
			};
			name = Release;
		};
/* End XCBuildConfiguration section */

/* Begin XCConfigurationList section */
		6831A36C28A7A1020004F713 /* Build configuration list for PBXProject "idus_Introduction" */ = {
			isa = XCConfigurationList;
			buildConfigurations = (
				6831A39928A7A1030004F713 /* Debug */,
				6831A39A28A7A1030004F713 /* Release */,
			);
			defaultConfigurationIsVisible = 0;
			defaultConfigurationName = Release;
		};
		6831A39B28A7A1030004F713 /* Build configuration list for PBXNativeTarget "idus_Introduction" */ = {
			isa = XCConfigurationList;
			buildConfigurations = (
				6831A39C28A7A1030004F713 /* Debug */,
				6831A39D28A7A1030004F713 /* Release */,
			);
			defaultConfigurationIsVisible = 0;
			defaultConfigurationName = Release;
		};
		6831A39E28A7A1030004F713 /* Build configuration list for PBXNativeTarget "idus_IntroductionTests" */ = {
			isa = XCConfigurationList;
			buildConfigurations = (
				6831A39F28A7A1030004F713 /* Debug */,
				6831A3A028A7A1030004F713 /* Release */,
			);
			defaultConfigurationIsVisible = 0;
			defaultConfigurationName = Release;
		};
		6831A3A128A7A1030004F713 /* Build configuration list for PBXNativeTarget "idus_IntroductionUITests" */ = {
			isa = XCConfigurationList;
			buildConfigurations = (
				6831A3A228A7A1030004F713 /* Debug */,
				6831A3A328A7A1030004F713 /* Release */,
			);
			defaultConfigurationIsVisible = 0;
			defaultConfigurationName = Release;
		};
/* End XCConfigurationList section */
	};
	rootObject = 6831A36928A7A1020004F713 /* Project object */;
}
